
Microsoft Visual Studio Solution File, Format Version 12.00
# Visual Studio Version 16
VisualStudioVersion = 16.0.30503.244
MinimumVisualStudioVersion = 10.0.40219.1
Project("{FAE04EC0-301F-11D3-BF4B-00C04F79EFBC}") = "TrashCollection", "TrashCollection\TrashCollection.csproj", "{94F59308-CDAA-4B90-B156-6388F89F1779}"
EndProject
Global
	GlobalSection(SolutionConfigurationPlatforms) = preSolution
		Debug|Any CPU = Debug|Any CPU
		Release|Any CPU = Release|Any CPU
	EndGlobalSection
	GlobalSection(ProjectConfigurationPlatforms) = postSolution
		{94F59308-CDAA-4B90-B156-6388F89F1779}.Debug|Any CPU.ActiveCfg = Debug|Any CPU
		{94F59308-CDAA-4B90-B156-6388F89F1779}.Debug|Any CPU.Build.0 = Debug|Any CPU
		{94F59308-CDAA-4B90-B156-6388F89F1779}.Release|Any CPU.ActiveCfg = Release|Any CPU
		{94F59308-CDAA-4B90-B156-6388F89F1779}.Release|Any CPU.Build.0 = Release|Any CPU
	EndGlobalSection
	GlobalSection(SolutionProperties) = preSolution
		HideSolutionNode = FALSE
	EndGlobalSection
	GlobalSection(ExtensibilityGlobals) = postSolution
		SolutionGuid = {A209F8CF-58E0-4319-A6AB-07D56721AF0A}
	EndGlobalSection
EndGlobal
